
Microsoft Visual Studio Solution File, Format Version 12.00
# Visual Studio Version 16
VisualStudioVersion = 16.0.32407.337
MinimumVisualStudioVersion = 10.0.40219.1
Project("{9A19103F-16F7-4668-BE54-9A1E7A4F7556}") = "VRisingBot", "VRisingBot\VRisingBot.csproj", "{8866FAF8-E393-4A01-8495-B8660E8D3428}"
EndProject
Global
	GlobalSection(SolutionConfigurationPlatforms) = preSolution
		Debug|Any CPU = Debug|Any CPU
		Release|Any CPU = Release|Any CPU
	EndGlobalSection
	GlobalSection(ProjectConfigurationPlatforms) = postSolution
		{8866FAF8-E393-4A01-8495-B8660E8D3428}.Debug|Any CPU.ActiveCfg = Debug|Any CPU
		{8866FAF8-E393-4A01-8495-B8660E8D3428}.Debug|Any CPU.Build.0 = Debug|Any CPU
		{8866FAF8-E393-4A01-8495-B8660E8D3428}.Release|Any CPU.ActiveCfg = Release|Any CPU
		{8866FAF8-E393-4A01-8495-B8660E8D3428}.Release|Any CPU.Build.0 = Release|Any CPU
	EndGlobalSection
	GlobalSection(SolutionProperties) = preSolution
		HideSolutionNode = FALSE
	EndGlobalSection
	GlobalSection(ExtensibilityGlobals) = postSolution
		SolutionGuid = {B5B6FEDB-A50B-40AA-9258-2C58E4910FB3}
	EndGlobalSection
EndGlobal
